// !$*UTF8*$!
{
	archiveVersion = 1;
	classes = {
	};
	objectVersion = 50;
	objects = {

/* Begin PBXBuildFile section */
		AF5C0B272493AC1E004AEF77 /* AppDelegate.swift in Sources */ = {isa = PBXBuildFile; fileRef = AF5C0B262493AC1E004AEF77 /* AppDelegate.swift */; };
		AF5C0B292493AC1E004AEF77 /* SceneDelegate.swift in Sources */ = {isa = PBXBuildFile; fileRef = AF5C0B282493AC1E004AEF77 /* SceneDelegate.swift */; };
		AF5C0B2B2493AC1E004AEF77 /* ViewController.swift in Sources */ = {isa = PBXBuildFile; fileRef = AF5C0B2A2493AC1E004AEF77 /* ViewController.swift */; };
		AF5C0B2E2493AC1E004AEF77 /* Main.storyboard in Resources */ = {isa = PBXBuildFile; fileRef = AF5C0B2C2493AC1E004AEF77 /* Main.storyboard */; };
		AF5C0B302493AC20004AEF77 /* Assets.xcassets in Resources */ = {isa = PBXBuildFile; fileRef = AF5C0B2F2493AC20004AEF77 /* Assets.xcassets */; };
		AF5C0B332493AC20004AEF77 /* LaunchScreen.storyboard in Resources */ = {isa = PBXBuildFile; fileRef = AF5C0B312493AC20004AEF77 /* LaunchScreen.storyboard */; };
		AF5C0B3B2493B92B004AEF77 /* GitHubUser.swift in Sources */ = {isa = PBXBuildFile; fileRef = AF5C0B3A2493B92B004AEF77 /* GitHubUser.swift */; };
		AF5C0B3D2493C3BC004AEF77 /* UIImageView+Downloaded.swift in Sources */ = {isa = PBXBuildFile; fileRef = AF5C0B3C2493C3BC004AEF77 /* UIImageView+Downloaded.swift */; };
		AF9C27522494E0ED00CAB652 /* GitHubUserRepoFiles.swift in Sources */ = {isa = PBXBuildFile; fileRef = AF9C27512494E0ED00CAB652 /* GitHubUserRepoFiles.swift */; };
		AF9C27542494FBCF00CAB652 /* DocumentsViewController.swift in Sources */ = {isa = PBXBuildFile; fileRef = AF9C27532494FBCF00CAB652 /* DocumentsViewController.swift */; };
		AF9C2756249521F700CAB652 /* MediaViewController.swift in Sources */ = {isa = PBXBuildFile; fileRef = AF9C2755249521F700CAB652 /* MediaViewController.swift */; };
		AF9C27582495220200CAB652 /* PhotosViewController.swift in Sources */ = {isa = PBXBuildFile; fileRef = AF9C27572495220200CAB652 /* PhotosViewController.swift */; };
		AF9C275A24952A5C00CAB652 /* DocumentDetailsViewController.swift in Sources */ = {isa = PBXBuildFile; fileRef = AF9C275924952A5C00CAB652 /* DocumentDetailsViewController.swift */; };
		AF9C275C24953BDF00CAB652 /* AVPlayerViewController.swift in Sources */ = {isa = PBXBuildFile; fileRef = AF9C275B24953BDF00CAB652 /* AVPlayerViewController.swift */; };
		AF9C275F24956B5600CAB652 /* MyCollectionViewCell.swift in Sources */ = {isa = PBXBuildFile; fileRef = AF9C275D24956B5600CAB652 /* MyCollectionViewCell.swift */; };
		AF9C276024956B5600CAB652 /* MyCollectionViewCell.xib in Resources */ = {isa = PBXBuildFile; fileRef = AF9C275E24956B5600CAB652 /* MyCollectionViewCell.xib */; };
		AFBE192F24963B50000DD5BC /* PhotosDetailViewController.swift in Sources */ = {isa = PBXBuildFile; fileRef = AFBE192E24963B50000DD5BC /* PhotosDetailViewController.swift */; };
		AFBE193124964514000DD5BC /* GitHubUserNameProtocol.swift in Sources */ = {isa = PBXBuildFile; fileRef = AFBE193024964514000DD5BC /* GitHubUserNameProtocol.swift */; };
		AFBE1933249648DF000DD5BC /* ChangeUsernameViewController.swift in Sources */ = {isa = PBXBuildFile; fileRef = AFBE1932249648DF000DD5BC /* ChangeUsernameViewController.swift */; };
		AFBE1935249676E9000DD5BC /* Variables.swift in Sources */ = {isa = PBXBuildFile; fileRef = AFBE1934249676E9000DD5BC /* Variables.swift */; };
		AFE6F9032494067C00405036 /* SignInViewController.swift in Sources */ = {isa = PBXBuildFile; fileRef = AFE6F9022494067C00405036 /* SignInViewController.swift */; };
/* End PBXBuildFile section */

/* Begin PBXFileReference section */
		AF5C0B232493AC1E004AEF77 /* MD4.app */ = {isa = PBXFileReference; explicitFileType = wrapper.application; includeInIndex = 0; path = MD4.app; sourceTree = BUILT_PRODUCTS_DIR; };
		AF5C0B262493AC1E004AEF77 /* AppDelegate.swift */ = {isa = PBXFileReference; lastKnownFileType = sourcecode.swift; path = AppDelegate.swift; sourceTree = "<group>"; };
		AF5C0B282493AC1E004AEF77 /* SceneDelegate.swift */ = {isa = PBXFileReference; lastKnownFileType = sourcecode.swift; path = SceneDelegate.swift; sourceTree = "<group>"; };
		AF5C0B2A2493AC1E004AEF77 /* ViewController.swift */ = {isa = PBXFileReference; lastKnownFileType = sourcecode.swift; path = ViewController.swift; sourceTree = "<group>"; };
		AF5C0B2D2493AC1E004AEF77 /* Base */ = {isa = PBXFileReference; lastKnownFileType = file.storyboard; name = Base; path = Base.lproj/Main.storyboard; sourceTree = "<group>"; };
		AF5C0B2F2493AC20004AEF77 /* Assets.xcassets */ = {isa = PBXFileReference; lastKnownFileType = folder.assetcatalog; path = Assets.xcassets; sourceTree = "<group>"; };
		AF5C0B322493AC20004AEF77 /* Base */ = {isa = PBXFileReference; lastKnownFileType = file.storyboard; name = Base; path = Base.lproj/LaunchScreen.storyboard; sourceTree = "<group>"; };
		AF5C0B342493AC20004AEF77 /* Info.plist */ = {isa = PBXFileReference; lastKnownFileType = text.plist.xml; path = Info.plist; sourceTree = "<group>"; };
		AF5C0B3A2493B92B004AEF77 /* GitHubUser.swift */ = {isa = PBXFileReference; lastKnownFileType = sourcecode.swift; path = GitHubUser.swift; sourceTree = "<group>"; };
		AF5C0B3C2493C3BC004AEF77 /* UIImageView+Downloaded.swift */ = {isa = PBXFileReference; lastKnownFileType = sourcecode.swift; path = "UIImageView+Downloaded.swift"; sourceTree = "<group>"; };
		AF9C27512494E0ED00CAB652 /* GitHubUserRepoFiles.swift */ = {isa = PBXFileReference; lastKnownFileType = sourcecode.swift; path = GitHubUserRepoFiles.swift; sourceTree = "<group>"; };
		AF9C27532494FBCF00CAB652 /* DocumentsViewController.swift */ = {isa = PBXFileReference; lastKnownFileType = sourcecode.swift; path = DocumentsViewController.swift; sourceTree = "<group>"; };
		AF9C2755249521F700CAB652 /* MediaViewController.swift */ = {isa = PBXFileReference; lastKnownFileType = sourcecode.swift; path = MediaViewController.swift; sourceTree = "<group>"; };
		AF9C27572495220200CAB652 /* PhotosViewController.swift */ = {isa = PBXFileReference; lastKnownFileType = sourcecode.swift; path = PhotosViewController.swift; sourceTree = "<group>"; };
		AF9C275924952A5C00CAB652 /* DocumentDetailsViewController.swift */ = {isa = PBXFileReference; lastKnownFileType = sourcecode.swift; path = DocumentDetailsViewController.swift; sourceTree = "<group>"; };
		AF9C275B24953BDF00CAB652 /* AVPlayerViewController.swift */ = {isa = PBXFileReference; lastKnownFileType = sourcecode.swift; path = AVPlayerViewController.swift; sourceTree = "<group>"; };
		AF9C275D24956B5600CAB652 /* MyCollectionViewCell.swift */ = {isa = PBXFileReference; lastKnownFileType = sourcecode.swift; path = MyCollectionViewCell.swift; sourceTree = "<group>"; };
		AF9C275E24956B5600CAB652 /* MyCollectionViewCell.xib */ = {isa = PBXFileReference; lastKnownFileType = file.xib; path = MyCollectionViewCell.xib; sourceTree = "<group>"; };
		AFBE192E24963B50000DD5BC /* PhotosDetailViewController.swift */ = {isa = PBXFileReference; lastKnownFileType = sourcecode.swift; path = PhotosDetailViewController.swift; sourceTree = "<group>"; };
		AFBE193024964514000DD5BC /* GitHubUserNameProtocol.swift */ = {isa = PBXFileReference; lastKnownFileType = sourcecode.swift; path = GitHubUserNameProtocol.swift; sourceTree = "<group>"; };
		AFBE1932249648DF000DD5BC /* ChangeUsernameViewController.swift */ = {isa = PBXFileReference; lastKnownFileType = sourcecode.swift; path = ChangeUsernameViewController.swift; sourceTree = "<group>"; };
		AFBE1934249676E9000DD5BC /* Variables.swift */ = {isa = PBXFileReference; lastKnownFileType = sourcecode.swift; path = Variables.swift; sourceTree = "<group>"; };
		AFE6F9022494067C00405036 /* SignInViewController.swift */ = {isa = PBXFileReference; lastKnownFileType = sourcecode.swift; path = SignInViewController.swift; sourceTree = "<group>"; };
/* End PBXFileReference section */

/* Begin PBXFrameworksBuildPhase section */
		AF5C0B202493AC1E004AEF77 /* Frameworks */ = {
			isa = PBXFrameworksBuildPhase;
			buildActionMask = 2147483647;
			files = (
			);
			runOnlyForDeploymentPostprocessing = 0;
		};
/* End PBXFrameworksBuildPhase section */

/* Begin PBXGroup section */
		AF5C0B1A2493AC1E004AEF77 = {
			isa = PBXGroup;
			children = (
				AF5C0B252493AC1E004AEF77 /* MD4 */,
				AF5C0B242493AC1E004AEF77 /* Products */,
			);
			sourceTree = "<group>";
		};
		AF5C0B242493AC1E004AEF77 /* Products */ = {
			isa = PBXGroup;
			children = (
				AF5C0B232493AC1E004AEF77 /* MD4.app */,
			);
			name = Products;
			sourceTree = "<group>";
		};
		AF5C0B252493AC1E004AEF77 /* MD4 */ = {
			isa = PBXGroup;
			children = (
				AF5C0B262493AC1E004AEF77 /* AppDelegate.swift */,
				AF5C0B282493AC1E004AEF77 /* SceneDelegate.swift */,
				AF5C0B2A2493AC1E004AEF77 /* ViewController.swift */,
				AF5C0B3C2493C3BC004AEF77 /* UIImageView+Downloaded.swift */,
				AF5C0B3A2493B92B004AEF77 /* GitHubUser.swift */,
				AF9C27512494E0ED00CAB652 /* GitHubUserRepoFiles.swift */,
				AFBE1934249676E9000DD5BC /* Variables.swift */,
				AF5C0B2C2493AC1E004AEF77 /* Main.storyboard */,
				AFBE1932249648DF000DD5BC /* ChangeUsernameViewController.swift */,
				AFBE193024964514000DD5BC /* GitHubUserNameProtocol.swift */,
				AFBE192E24963B50000DD5BC /* PhotosDetailViewController.swift */,
				AF9C275B24953BDF00CAB652 /* AVPlayerViewController.swift */,
				AF9C2755249521F700CAB652 /* MediaViewController.swift */,
				AF9C27572495220200CAB652 /* PhotosViewController.swift */,
				AF9C275D24956B5600CAB652 /* MyCollectionViewCell.swift */,
				AF9C275E24956B5600CAB652 /* MyCollectionViewCell.xib */,
				AF9C27532494FBCF00CAB652 /* DocumentsViewController.swift */,
				AF9C275924952A5C00CAB652 /* DocumentDetailsViewController.swift */,
				AFE6F9022494067C00405036 /* SignInViewController.swift */,
				AF5C0B2F2493AC20004AEF77 /* Assets.xcassets */,
				AF5C0B312493AC20004AEF77 /* LaunchScreen.storyboard */,
				AF5C0B342493AC20004AEF77 /* Info.plist */,
			);
			path = MD4;
			sourceTree = "<group>";
		};
/* End PBXGroup section */

/* Begin PBXNativeTarget section */
		AF5C0B222493AC1E004AEF77 /* MD4 */ = {
			isa = PBXNativeTarget;
			buildConfigurationList = AF5C0B372493AC20004AEF77 /* Build configuration list for PBXNativeTarget "MD4" */;
			buildPhases = (
				AF5C0B1F2493AC1E004AEF77 /* Sources */,
				AF5C0B202493AC1E004AEF77 /* Frameworks */,
				AF5C0B212493AC1E004AEF77 /* Resources */,
			);
			buildRules = (
			);
			dependencies = (
			);
			name = MD4;
			productName = MD4;
			productReference = AF5C0B232493AC1E004AEF77 /* MD4.app */;
			productType = "com.apple.product-type.application";
		};
/* End PBXNativeTarget section */

/* Begin PBXProject section */
		AF5C0B1B2493AC1E004AEF77 /* Project object */ = {
			isa = PBXProject;
			attributes = {
				LastSwiftUpdateCheck = 1130;
				LastUpgradeCheck = 1130;
				ORGANIZATIONNAME = KristapsNaglis;
				TargetAttributes = {
					AF5C0B222493AC1E004AEF77 = {
						CreatedOnToolsVersion = 11.3;
					};
				};
			};
			buildConfigurationList = AF5C0B1E2493AC1E004AEF77 /* Build configuration list for PBXProject "MD4" */;
			compatibilityVersion = "Xcode 9.3";
			developmentRegion = en;
			hasScannedForEncodings = 0;
			knownRegions = (
				en,
				Base,
			);
			mainGroup = AF5C0B1A2493AC1E004AEF77;
			productRefGroup = AF5C0B242493AC1E004AEF77 /* Products */;
			projectDirPath = "";
			projectRoot = "";
			targets = (
				AF5C0B222493AC1E004AEF77 /* MD4 */,
			);
		};
/* End PBXProject section */

/* Begin PBXResourcesBuildPhase section */
		AF5C0B212493AC1E004AEF77 /* Resources */ = {
			isa = PBXResourcesBuildPhase;
			buildActionMask = 2147483647;
			files = (
				AF5C0B332493AC20004AEF77 /* LaunchScreen.storyboard in Resources */,
				AF5C0B302493AC20004AEF77 /* Assets.xcassets in Resources */,
				AF9C276024956B5600CAB652 /* MyCollectionViewCell.xib in Resources */,
				AF5C0B2E2493AC1E004AEF77 /* Main.storyboard in Resources */,
			);
			runOnlyForDeploymentPostprocessing = 0;
		};
/* End PBXResourcesBuildPhase section */

/* Begin PBXSourcesBuildPhase section */
		AF5C0B1F2493AC1E004AEF77 /* Sources */ = {
			isa = PBXSourcesBuildPhase;
			buildActionMask = 2147483647;
			files = (
				AF9C27522494E0ED00CAB652 /* GitHubUserRepoFiles.swift in Sources */,
				AFBE193124964514000DD5BC /* GitHubUserNameProtocol.swift in Sources */,
				AF9C27542494FBCF00CAB652 /* DocumentsViewController.swift in Sources */,
				AF5C0B2B2493AC1E004AEF77 /* ViewController.swift in Sources */,
				AF5C0B3B2493B92B004AEF77 /* GitHubUser.swift in Sources */,
				AFBE192F24963B50000DD5BC /* PhotosDetailViewController.swift in Sources */,
				AFE6F9032494067C00405036 /* SignInViewController.swift in Sources */,
				AF9C275A24952A5C00CAB652 /* DocumentDetailsViewController.swift in Sources */,
				AFBE1935249676E9000DD5BC /* Variables.swift in Sources */,
				AF5C0B272493AC1E004AEF77 /* AppDelegate.swift in Sources */,
				AF5C0B3D2493C3BC004AEF77 /* UIImageView+Downloaded.swift in Sources */,
				AFBE1933249648DF000DD5BC /* ChangeUsernameViewController.swift in Sources */,
				AF9C2756249521F700CAB652 /* MediaViewController.swift in Sources */,
				AF5C0B292493AC1E004AEF77 /* SceneDelegate.swift in Sources */,
				AF9C275C24953BDF00CAB652 /* AVPlayerViewController.swift in Sources */,
				AF9C275F24956B5600CAB652 /* MyCollectionViewCell.swift in Sources */,
				AF9C27582495220200CAB652 /* PhotosViewController.swift in Sources */,
			);
			runOnlyForDeploymentPostprocessing = 0;
		};
/* End PBXSourcesBuildPhase section */

/* Begin PBXVariantGroup section */
		AF5C0B2C2493AC1E004AEF77 /* Main.storyboard */ = {
			isa = PBXVariantGroup;
			children = (
				AF5C0B2D2493AC1E004AEF77 /* Base */,
			);
			name = Main.storyboard;
			sourceTree = "<group>";
		};
		AF5C0B312493AC20004AEF77 /* LaunchScreen.storyboard */ = {
			isa = PBXVariantGroup;
			children = (
				AF5C0B322493AC20004AEF77 /* Base */,
			);
			name = LaunchScreen.storyboard;
			sourceTree = "<group>";
		};
/* End PBXVariantGroup section */

/* Begin XCBuildConfiguration section */
		AF5C0B352493AC20004AEF77 /* Debug */ = {
			isa = XCBuildConfiguration;
			buildSettings = {
				ALWAYS_SEARCH_USER_PATHS = NO;
				CLANG_ANALYZER_NONNULL = YES;
				CLANG_ANALYZER_NUMBER_OBJECT_CONVERSION = YES_AGGRESSIVE;
				CLANG_CXX_LANGUAGE_STANDARD = "gnu++14";
				CLANG_CXX_LIBRARY = "libc++";
				CLANG_ENABLE_MODULES = YES;
				CLANG_ENABLE_OBJC_ARC = YES;
				CLANG_ENABLE_OBJC_WEAK = YES;
				CLANG_WARN_BLOCK_CAPTURE_AUTORELEASING = YES;
				CLANG_WARN_BOOL_CONVERSION = YES;
				CLANG_WARN_COMMA = YES;
				CLANG_WARN_CONSTANT_CONVERSION = YES;
				CLANG_WARN_DEPRECATED_OBJC_IMPLEMENTATIONS = YES;
				CLANG_WARN_DIRECT_OBJC_ISA_USAGE = YES_ERROR;
				CLANG_WARN_DOCUMENTATION_COMMENTS = YES;
				CLANG_WARN_EMPTY_BODY = YES;
				CLANG_WARN_ENUM_CONVERSION = YES;
				CLANG_WARN_INFINITE_RECURSION = YES;
				CLANG_WARN_INT_CONVERSION = YES;
				CLANG_WARN_NON_LITERAL_NULL_CONVERSION = YES;
				CLANG_WARN_OBJC_IMPLICIT_RETAIN_SELF = YES;
				CLANG_WARN_OBJC_LITERAL_CONVERSION = YES;
				CLANG_WARN_OBJC_ROOT_CLASS = YES_ERROR;
				CLANG_WARN_RANGE_LOOP_ANALYSIS = YES;
				CLANG_WARN_STRICT_PROTOTYPES = YES;
				CLANG_WARN_SUSPICIOUS_MOVE = YES;
				CLANG_WARN_UNGUARDED_AVAILABILITY = YES_AGGRESSIVE;
				CLANG_WARN_UNREACHABLE_CODE = YES;
				CLANG_WARN__DUPLICATE_METHOD_MATCH = YES;
				COPY_PHASE_STRIP = NO;
				DEBUG_INFORMATION_FORMAT = dwarf;
				ENABLE_STRICT_OBJC_MSGSEND = YES;
				ENABLE_TESTABILITY = YES;
				GCC_C_LANGUAGE_STANDARD = gnu11;
				GCC_DYNAMIC_NO_PIC = NO;
				GCC_NO_COMMON_BLOCKS = YES;
				GCC_OPTIMIZATION_LEVEL = 0;
				GCC_PREPROCESSOR_DEFINITIONS = (
					"DEBUG=1",
					"$(inherited)",
				);
				GCC_WARN_64_TO_32_BIT_CONVERSION = YES;
				GCC_WARN_ABOUT_RETURN_TYPE = YES_ERROR;
				GCC_WARN_UNDECLARED_SELECTOR = YES;
				GCC_WARN_UNINITIALIZED_AUTOS = YES_AGGRESSIVE;
				GCC_WARN_UNUSED_FUNCTION = YES;
				GCC_WARN_UNUSED_VARIABLE = YES;
				IPHONEOS_DEPLOYMENT_TARGET = 13.2;
				MTL_ENABLE_DEBUG_INFO = INCLUDE_SOURCE;
				MTL_FAST_MATH = YES;
				ONLY_ACTIVE_ARCH = YES;
				SDKROOT = iphoneos;
				SWIFT_ACTIVE_COMPILATION_CONDITIONS = DEBUG;
				SWIFT_OPTIMIZATION_LEVEL = "-Onone";
			};
			name = Debug;
		};
		AF5C0B362493AC20004AEF77 /* Release */ = {
			isa = XCBuildConfiguration;
			buildSettings = {
				ALWAYS_SEARCH_USER_PATHS = NO;
				CLANG_ANALYZER_NONNULL = YES;
				CLANG_ANALYZER_NUMBER_OBJECT_CONVERSION = YES_AGGRESSIVE;
				CLANG_CXX_LANGUAGE_STANDARD = "gnu++14";
				CLANG_CXX_LIBRARY = "libc++";
				CLANG_ENABLE_MODULES = YES;
				CLANG_ENABLE_OBJC_ARC = YES;
				CLANG_ENABLE_OBJC_WEAK = YES;
				CLANG_WARN_BLOCK_CAPTURE_AUTORELEASING = YES;
				CLANG_WARN_BOOL_CONVERSION = YES;
				CLANG_WARN_COMMA = YES;
				CLANG_WARN_CONSTANT_CONVERSION = YES;
				CLANG_WARN_DEPRECATED_OBJC_IMPLEMENTATIONS = YES;
				CLANG_WARN_DIRECT_OBJC_ISA_USAGE = YES_ERROR;
				CLANG_WARN_DOCUMENTATION_COMMENTS = YES;
				CLANG_WARN_EMPTY_BODY = YES;
				CLANG_WARN_ENUM_CONVERSION = YES;
				CLANG_WARN_INFINITE_RECURSION = YES;
				CLANG_WARN_INT_CONVERSION = YES;
				CLANG_WARN_NON_LITERAL_NULL_CONVERSION = YES;
				CLANG_WARN_OBJC_IMPLICIT_RETAIN_SELF = YES;
				CLANG_WARN_OBJC_LITERAL_CONVERSION = YES;
				CLANG_WARN_OBJC_ROOT_CLASS = YES_ERROR;
				CLANG_WARN_RANGE_LOOP_ANALYSIS = YES;
				CLANG_WARN_STRICT_PROTOTYPES = YES;
				CLANG_WARN_SUSPICIOUS_MOVE = YES;
				CLANG_WARN_UNGUARDED_AVAILABILITY = YES_AGGRESSIVE;
				CLANG_WARN_UNREACHABLE_CODE = YES;
				CLANG_WARN__DUPLICATE_METHOD_MATCH = YES;
				COPY_PHASE_STRIP = NO;
				DEBUG_INFORMATION_FORMAT = "dwarf-with-dsym";
				ENABLE_NS_ASSERTIONS = NO;
				ENABLE_STRICT_OBJC_MSGSEND = YES;
				GCC_C_LANGUAGE_STANDARD = gnu11;
				GCC_NO_COMMON_BLOCKS = YES;
				GCC_WARN_64_TO_32_BIT_CONVERSION = YES;
				GCC_WARN_ABOUT_RETURN_TYPE = YES_ERROR;
				GCC_WARN_UNDECLARED_SELECTOR = YES;
				GCC_WARN_UNINITIALIZED_AUTOS = YES_AGGRESSIVE;
				GCC_WARN_UNUSED_FUNCTION = YES;
				GCC_WARN_UNUSED_VARIABLE = YES;
				IPHONEOS_DEPLOYMENT_TARGET = 13.2;
				MTL_ENABLE_DEBUG_INFO = NO;
				MTL_FAST_MATH = YES;
				SDKROOT = iphoneos;
				SWIFT_COMPILATION_MODE = wholemodule;
				SWIFT_OPTIMIZATION_LEVEL = "-O";
				VALIDATE_PRODUCT = YES;
			};
			name = Release;
		};
		AF5C0B382493AC20004AEF77 /* Debug */ = {
			isa = XCBuildConfiguration;
			buildSettings = {
				ASSETCATALOG_COMPILER_APPICON_NAME = AppIcon;
				CODE_SIGN_STYLE = Automatic;
				INFOPLIST_FILE = MD4/Info.plist;
				LD_RUNPATH_SEARCH_PATHS = (
					"$(inherited)",
					"@executable_path/Frameworks",
				);
				PRODUCT_BUNDLE_IDENTIFIER = com.naglis.kristaps.MD4;
				PRODUCT_NAME = "$(TARGET_NAME)";
				SWIFT_VERSION = 5.0;
				TARGETED_DEVICE_FAMILY = "1,2";
			};
			name = Debug;
		};
		AF5C0B392493AC20004AEF77 /* Release */ = {
			isa = XCBuildConfiguration;
			buildSettings = {
				ASSETCATALOG_COMPILER_APPICON_NAME = AppIcon;
				CODE_SIGN_STYLE = Automatic;
				INFOPLIST_FILE = MD4/Info.plist;
				LD_RUNPATH_SEARCH_PATHS = (
					"$(inherited)",
					"@executable_path/Frameworks",
				);
				PRODUCT_BUNDLE_IDENTIFIER = com.naglis.kristaps.MD4;
				PRODUCT_NAME = "$(TARGET_NAME)";
				SWIFT_VERSION = 5.0;
				TARGETED_DEVICE_FAMILY = "1,2";
			};
			name = Release;
		};
/* End XCBuildConfiguration section */

/* Begin XCConfigurationList section */
		AF5C0B1E2493AC1E004AEF77 /* Build configuration list for PBXProject "MD4" */ = {
			isa = XCConfigurationList;
			buildConfigurations = (
				AF5C0B352493AC20004AEF77 /* Debug */,
				AF5C0B362493AC20004AEF77 /* Release */,
			);
			defaultConfigurationIsVisible = 0;
			defaultConfigurationName = Release;
		};
		AF5C0B372493AC20004AEF77 /* Build configuration list for PBXNativeTarget "MD4" */ = {
			isa = XCConfigurationList;
			buildConfigurations = (
				AF5C0B382493AC20004AEF77 /* Debug */,
				AF5C0B392493AC20004AEF77 /* Release */,
			);
			defaultConfigurationIsVisible = 0;
			defaultConfigurationName = Release;
		};
/* End XCConfigurationList section */
	};
	rootObject = AF5C0B1B2493AC1E004AEF77 /* Project object */;
}
